
Microsoft Visual Studio Solution File, Format Version 12.00
Project("{FAE04EC0-301F-11D3-BF4B-00C04F79EFBC}") = "Microsoft.SqlTools.Credentials", "src\Microsoft.SqlTools.Credentials\Microsoft.SqlTools.Credentials.csproj", "{3F0F2AC5-9221-482E-91A8-AF2FC7C0FAAB}"
EndProject
Global
	GlobalSection(SolutionConfigurationPlatforms) = preSolution
		Debug|Any CPU = Debug|Any CPU
		Release|Any CPU = Release|Any CPU
	EndGlobalSection
	GlobalSection(ProjectConfigurationPlatforms) = postSolution
		{3F0F2AC5-9221-482E-91A8-AF2FC7C0FAAB}.Debug|Any CPU.ActiveCfg = Debug|Any CPU
		{3F0F2AC5-9221-482E-91A8-AF2FC7C0FAAB}.Debug|Any CPU.Build.0 = Debug|Any CPU
		{3F0F2AC5-9221-482E-91A8-AF2FC7C0FAAB}.Release|Any CPU.ActiveCfg = Release|Any CPU
		{3F0F2AC5-9221-482E-91A8-AF2FC7C0FAAB}.Release|Any CPU.Build.0 = Release|Any CPU
	EndGlobalSection
EndGlobal
