
Microsoft Visual Studio Solution File, Format Version 12.00
Project("{FAE04EC0-301F-11D3-BF4B-00C04F79EFBC}") = "Microsoft.SqlTools.Credentials", "src\Microsoft.SqlTools.Credentials\Microsoft.SqlTools.Credentials.csproj", "{3F0F2AC5-9221-482E-91A8-AF2FC7C0FAAB}"
EndProject
Project("{2150E333-8FDC-42A3-9474-1A3956D46DE8}") = "bin", "bin", "{2F1A4372-D53C-43A5-805F-39FEA3DD999E}"
ProjectSection(SolutionItems) = preProject
	bin\nuget\Microsoft.SqlTools.Hosting.1.0.0.nupkg = bin\nuget\Microsoft.SqlTools.Hosting.1.0.0.nupkg
	bin\nuget\Microsoft.SqlTools.Hosting.Contracts.1.0.0.nupkg = bin\nuget\Microsoft.SqlTools.Hosting.Contracts.1.0.0.nupkg
	bin\nuget\Microsoft.SqlTools.Hosting.UnitTests.Common.1.0.0.nupkg = bin\nuget\Microsoft.SqlTools.Hosting.UnitTests.Common.1.0.0.nupkg
EndProjectSection
EndProject
Project("{FAE04EC0-301F-11D3-BF4B-00C04F79EFBC}") = "Microsoft.SqlTools.Credentials.UnitTest", "test\Microsoft.SqlTools.Credentials.UnitTest\Microsoft.SqlTools.Credentials.UnitTest.csproj", "{8C8FC8B6-F420-4A46-B0AE-D805F8D6DF60}"
EndProject
Global
	GlobalSection(SolutionConfigurationPlatforms) = preSolution
		Debug|Any CPU = Debug|Any CPU
		Release|Any CPU = Release|Any CPU
	EndGlobalSection
	GlobalSection(ProjectConfigurationPlatforms) = postSolution
		{3F0F2AC5-9221-482E-91A8-AF2FC7C0FAAB}.Debug|Any CPU.ActiveCfg = Debug|Any CPU
		{3F0F2AC5-9221-482E-91A8-AF2FC7C0FAAB}.Debug|Any CPU.Build.0 = Debug|Any CPU
		{3F0F2AC5-9221-482E-91A8-AF2FC7C0FAAB}.Release|Any CPU.ActiveCfg = Release|Any CPU
		{3F0F2AC5-9221-482E-91A8-AF2FC7C0FAAB}.Release|Any CPU.Build.0 = Release|Any CPU
		{8C8FC8B6-F420-4A46-B0AE-D805F8D6DF60}.Debug|Any CPU.ActiveCfg = Debug|Any CPU
		{8C8FC8B6-F420-4A46-B0AE-D805F8D6DF60}.Debug|Any CPU.Build.0 = Debug|Any CPU
		{8C8FC8B6-F420-4A46-B0AE-D805F8D6DF60}.Release|Any CPU.ActiveCfg = Release|Any CPU
		{8C8FC8B6-F420-4A46-B0AE-D805F8D6DF60}.Release|Any CPU.Build.0 = Release|Any CPU
	EndGlobalSection
EndGlobal
